
Microsoft Visual Studio Solution File, Format Version 12.00
# Visual Studio Version 17
VisualStudioVersion = 17.8.34525.116
MinimumVisualStudioVersion = 10.0.40219.1
Project("{FAE04EC0-301F-11D3-BF4B-00C04F79EFBC}") = "Vista", "Vista\Vista.csproj", "{129BA3D2-6129-413E-8D3C-2E8C41144E09}"
EndProject
Project("{FAE04EC0-301F-11D3-BF4B-00C04F79EFBC}") = "Controladora", "Controladora\Controladora.csproj", "{5DF7D5EC-FEB2-44C2-9C13-6A8B2AB0E864}"
EndProject
Project("{FAE04EC0-301F-11D3-BF4B-00C04F79EFBC}") = "Modelo", "Modelo\Modelo.csproj", "{72792ED1-2557-48FA-BB34-5539A9CD2C37}"
EndProject
Global
	GlobalSection(SolutionConfigurationPlatforms) = preSolution
		Debug|Any CPU = Debug|Any CPU
		Release|Any CPU = Release|Any CPU
	EndGlobalSection
	GlobalSection(ProjectConfigurationPlatforms) = postSolution
		{129BA3D2-6129-413E-8D3C-2E8C41144E09}.Debug|Any CPU.ActiveCfg = Debug|Any CPU
		{129BA3D2-6129-413E-8D3C-2E8C41144E09}.Debug|Any CPU.Build.0 = Debug|Any CPU
		{129BA3D2-6129-413E-8D3C-2E8C41144E09}.Release|Any CPU.ActiveCfg = Release|Any CPU
		{129BA3D2-6129-413E-8D3C-2E8C41144E09}.Release|Any CPU.Build.0 = Release|Any CPU
		{5DF7D5EC-FEB2-44C2-9C13-6A8B2AB0E864}.Debug|Any CPU.ActiveCfg = Debug|Any CPU
		{5DF7D5EC-FEB2-44C2-9C13-6A8B2AB0E864}.Debug|Any CPU.Build.0 = Debug|Any CPU
		{5DF7D5EC-FEB2-44C2-9C13-6A8B2AB0E864}.Release|Any CPU.ActiveCfg = Release|Any CPU
		{5DF7D5EC-FEB2-44C2-9C13-6A8B2AB0E864}.Release|Any CPU.Build.0 = Release|Any CPU
		{72792ED1-2557-48FA-BB34-5539A9CD2C37}.Debug|Any CPU.ActiveCfg = Debug|Any CPU
		{72792ED1-2557-48FA-BB34-5539A9CD2C37}.Debug|Any CPU.Build.0 = Debug|Any CPU
		{72792ED1-2557-48FA-BB34-5539A9CD2C37}.Release|Any CPU.ActiveCfg = Release|Any CPU
		{72792ED1-2557-48FA-BB34-5539A9CD2C37}.Release|Any CPU.Build.0 = Release|Any CPU
	EndGlobalSection
	GlobalSection(SolutionProperties) = preSolution
		HideSolutionNode = FALSE
	EndGlobalSection
	GlobalSection(ExtensibilityGlobals) = postSolution
		SolutionGuid = {40780362-056A-4EE5-8709-4BCE0BF155C2}
	EndGlobalSection
EndGlobal
